
Microsoft Visual Studio Solution File, Format Version 12.00
# Visual Studio 15
VisualStudioVersion = 15.0.28010.2016
MinimumVisualStudioVersion = 10.0.40219.1
Project("{FAE04EC0-301F-11D3-BF4B-00C04F79EFBC}") = "DevTreks", "DevTreks\DevTreks.csproj", "{2C9EE53E-C47C-42BB-8390-F338C1852641}"
EndProject
Project("{2150E333-8FDC-42A3-9474-1A3956D46DE8}") = "DevTreks.Extensions", "DevTreks.Extensions", "{7D9B61B0-7EF7-4909-B898-714744CAEFE7}"
EndProject
Project("{FAE04EC0-301F-11D3-BF4B-00C04F79EFBC}") = "DevTreks.Exceptions", "DevTreks.Exceptions\DevTreks.Exceptions.csproj", "{60BF791C-4F2F-4244-ABC7-197C81085BBC}"
EndProject
Project("{9A19103F-16F7-4668-BE54-9A1E7A4F7556}") = "DevTreks.Resources", "DevTreks.Resources\DevTreks.Resources.csproj", "{816301A1-8CEF-4910-867F-723B4E6BD28D}"
EndProject
Project("{9A19103F-16F7-4668-BE54-9A1E7A4F7556}") = "DevTreks.Models", "DevTreks.Models\DevTreks.Models.csproj", "{A06B0A10-86F4-4EA4-96F0-4FA6EB66BBEF}"
EndProject
Project("{9A19103F-16F7-4668-BE54-9A1E7A4F7556}") = "DevTreks.Data", "DevTreks.Data\DevTreks.Data.csproj", "{4B155262-11DE-4EB8-843C-D208E2A6F998}"
EndProject
Project("{9A19103F-16F7-4668-BE54-9A1E7A4F7556}") = "AgBudgetingCalculators", "DevTreks.Extensions\AgBudgetingCalculators\AgBudgetingCalculators.csproj", "{D6A0B0AD-9288-4473-88B5-8BF6B880AB90}"
EndProject
Project("{9A19103F-16F7-4668-BE54-9A1E7A4F7556}") = "AgResourceStockExtensions", "DevTreks.Extensions\AgResourceStockExtensions\AgResourceStockExtensions.csproj", "{E8F548CA-042C-4B95-9C42-73BB359DD3DB}"
EndProject
Project("{9A19103F-16F7-4668-BE54-9A1E7A4F7556}") = "CalculatorsContracts", "DevTreks.Extensions\CalculatorsContracts\CalculatorsContracts.csproj", "{49523EA6-9367-4BA0-A621-ECBD904FEA4A}"
EndProject
Project("{9A19103F-16F7-4668-BE54-9A1E7A4F7556}") = "DoStepsHost", "DevTreks.Extensions\DoStepsHost\DoStepsHost.csproj", "{FB8E37B2-AA39-4125-A41F-DFAC49D3D8BC}"
EndProject
Project("{9A19103F-16F7-4668-BE54-9A1E7A4F7556}") = "FoodNutrition", "DevTreks.Extensions\FoodNutrition\FoodNutrition.csproj", "{6B0A0715-0A73-419D-984A-975F9E8304EC}"
EndProject
Project("{9A19103F-16F7-4668-BE54-9A1E7A4F7556}") = "HealthCare", "DevTreks.Extensions\HealthCare\HealthCare.csproj", "{2F466F68-A54E-4628-ACF6-38791B7D4B86}"
EndProject
Project("{9A19103F-16F7-4668-BE54-9A1E7A4F7556}") = "Jace", "DevTreks.Extensions\Jace\Jace.csproj", "{EFFD8C4A-5C00-43D3-8D41-0E931C76025D}"
EndProject
Project("{9A19103F-16F7-4668-BE54-9A1E7A4F7556}") = "LCA1", "DevTreks.Extensions\LCA1\LCA1.csproj", "{93775DA7-F617-4485-9ED5-10ACF2A3F6F2}"
EndProject
Project("{9A19103F-16F7-4668-BE54-9A1E7A4F7556}") = "ME2", "DevTreks.Extensions\ME2\ME2.csproj", "{A4E756D1-36B8-4621-A631-4CB1DF012E30}"
EndProject
Project("{9A19103F-16F7-4668-BE54-9A1E7A4F7556}") = "MN1", "DevTreks.Extensions\MN1\MN1.csproj", "{7E23085F-59C3-47E8-876D-F3F28832EF3F}"
EndProject
Project("{9A19103F-16F7-4668-BE54-9A1E7A4F7556}") = "NPV1", "DevTreks.Extensions\NPV1\NPV1.csproj", "{C6116F2D-2DCC-492B-825D-BCD6EF16BE2D}"
EndProject
Project("{9A19103F-16F7-4668-BE54-9A1E7A4F7556}") = "NPVCalculators", "DevTreks.Extensions\NPVCalculators\NPVCalculators.csproj", "{019B9316-A58D-4CE5-8269-61B17C1CB03D}"
EndProject
Project("{9A19103F-16F7-4668-BE54-9A1E7A4F7556}") = "SB1", "DevTreks.Extensions\SB1\SB1.csproj", "{CE8CE080-F7E9-4184-B00B-B176EAED3C52}"
EndProject
Global
	GlobalSection(SolutionConfigurationPlatforms) = preSolution
		Debug|Any CPU = Debug|Any CPU
		Release|Any CPU = Release|Any CPU
	EndGlobalSection
	GlobalSection(ProjectConfigurationPlatforms) = postSolution
		{2C9EE53E-C47C-42BB-8390-F338C1852641}.Debug|Any CPU.ActiveCfg = Debug|Any CPU
		{2C9EE53E-C47C-42BB-8390-F338C1852641}.Debug|Any CPU.Build.0 = Debug|Any CPU
		{2C9EE53E-C47C-42BB-8390-F338C1852641}.Release|Any CPU.ActiveCfg = Release|Any CPU
		{2C9EE53E-C47C-42BB-8390-F338C1852641}.Release|Any CPU.Build.0 = Release|Any CPU
		{60BF791C-4F2F-4244-ABC7-197C81085BBC}.Debug|Any CPU.ActiveCfg = Debug|Any CPU
		{60BF791C-4F2F-4244-ABC7-197C81085BBC}.Debug|Any CPU.Build.0 = Debug|Any CPU
		{60BF791C-4F2F-4244-ABC7-197C81085BBC}.Release|Any CPU.ActiveCfg = Release|Any CPU
		{60BF791C-4F2F-4244-ABC7-197C81085BBC}.Release|Any CPU.Build.0 = Release|Any CPU
		{816301A1-8CEF-4910-867F-723B4E6BD28D}.Debug|Any CPU.ActiveCfg = Debug|Any CPU
		{816301A1-8CEF-4910-867F-723B4E6BD28D}.Debug|Any CPU.Build.0 = Debug|Any CPU
		{816301A1-8CEF-4910-867F-723B4E6BD28D}.Release|Any CPU.ActiveCfg = Release|Any CPU
		{816301A1-8CEF-4910-867F-723B4E6BD28D}.Release|Any CPU.Build.0 = Release|Any CPU
		{A06B0A10-86F4-4EA4-96F0-4FA6EB66BBEF}.Debug|Any CPU.ActiveCfg = Debug|Any CPU
		{A06B0A10-86F4-4EA4-96F0-4FA6EB66BBEF}.Debug|Any CPU.Build.0 = Debug|Any CPU
		{A06B0A10-86F4-4EA4-96F0-4FA6EB66BBEF}.Release|Any CPU.ActiveCfg = Release|Any CPU
		{A06B0A10-86F4-4EA4-96F0-4FA6EB66BBEF}.Release|Any CPU.Build.0 = Release|Any CPU
		{4B155262-11DE-4EB8-843C-D208E2A6F998}.Debug|Any CPU.ActiveCfg = Debug|Any CPU
		{4B155262-11DE-4EB8-843C-D208E2A6F998}.Debug|Any CPU.Build.0 = Debug|Any CPU
		{4B155262-11DE-4EB8-843C-D208E2A6F998}.Release|Any CPU.ActiveCfg = Release|Any CPU
		{4B155262-11DE-4EB8-843C-D208E2A6F998}.Release|Any CPU.Build.0 = Release|Any CPU
		{D6A0B0AD-9288-4473-88B5-8BF6B880AB90}.Debug|Any CPU.ActiveCfg = Debug|Any CPU
		{D6A0B0AD-9288-4473-88B5-8BF6B880AB90}.Debug|Any CPU.Build.0 = Debug|Any CPU
		{D6A0B0AD-9288-4473-88B5-8BF6B880AB90}.Release|Any CPU.ActiveCfg = Release|Any CPU
		{D6A0B0AD-9288-4473-88B5-8BF6B880AB90}.Release|Any CPU.Build.0 = Release|Any CPU
		{E8F548CA-042C-4B95-9C42-73BB359DD3DB}.Debug|Any CPU.ActiveCfg = Debug|Any CPU
		{E8F548CA-042C-4B95-9C42-73BB359DD3DB}.Debug|Any CPU.Build.0 = Debug|Any CPU
		{E8F548CA-042C-4B95-9C42-73BB359DD3DB}.Release|Any CPU.ActiveCfg = Release|Any CPU
		{E8F548CA-042C-4B95-9C42-73BB359DD3DB}.Release|Any CPU.Build.0 = Release|Any CPU
		{49523EA6-9367-4BA0-A621-ECBD904FEA4A}.Debug|Any CPU.ActiveCfg = Debug|Any CPU
		{49523EA6-9367-4BA0-A621-ECBD904FEA4A}.Debug|Any CPU.Build.0 = Debug|Any CPU
		{49523EA6-9367-4BA0-A621-ECBD904FEA4A}.Release|Any CPU.ActiveCfg = Release|Any CPU
		{49523EA6-9367-4BA0-A621-ECBD904FEA4A}.Release|Any CPU.Build.0 = Release|Any CPU
		{FB8E37B2-AA39-4125-A41F-DFAC49D3D8BC}.Debug|Any CPU.ActiveCfg = Debug|Any CPU
		{FB8E37B2-AA39-4125-A41F-DFAC49D3D8BC}.Debug|Any CPU.Build.0 = Debug|Any CPU
		{FB8E37B2-AA39-4125-A41F-DFAC49D3D8BC}.Release|Any CPU.ActiveCfg = Release|Any CPU
		{FB8E37B2-AA39-4125-A41F-DFAC49D3D8BC}.Release|Any CPU.Build.0 = Release|Any CPU
		{6B0A0715-0A73-419D-984A-975F9E8304EC}.Debug|Any CPU.ActiveCfg = Debug|Any CPU
		{6B0A0715-0A73-419D-984A-975F9E8304EC}.Debug|Any CPU.Build.0 = Debug|Any CPU
		{6B0A0715-0A73-419D-984A-975F9E8304EC}.Release|Any CPU.ActiveCfg = Release|Any CPU
		{6B0A0715-0A73-419D-984A-975F9E8304EC}.Release|Any CPU.Build.0 = Release|Any CPU
		{2F466F68-A54E-4628-ACF6-38791B7D4B86}.Debug|Any CPU.ActiveCfg = Debug|Any CPU
		{2F466F68-A54E-4628-ACF6-38791B7D4B86}.Debug|Any CPU.Build.0 = Debug|Any CPU
		{2F466F68-A54E-4628-ACF6-38791B7D4B86}.Release|Any CPU.ActiveCfg = Release|Any CPU
		{2F466F68-A54E-4628-ACF6-38791B7D4B86}.Release|Any CPU.Build.0 = Release|Any CPU
		{EFFD8C4A-5C00-43D3-8D41-0E931C76025D}.Debug|Any CPU.ActiveCfg = Debug|Any CPU
		{EFFD8C4A-5C00-43D3-8D41-0E931C76025D}.Debug|Any CPU.Build.0 = Debug|Any CPU
		{EFFD8C4A-5C00-43D3-8D41-0E931C76025D}.Release|Any CPU.ActiveCfg = Release|Any CPU
		{EFFD8C4A-5C00-43D3-8D41-0E931C76025D}.Release|Any CPU.Build.0 = Release|Any CPU
		{93775DA7-F617-4485-9ED5-10ACF2A3F6F2}.Debug|Any CPU.ActiveCfg = Debug|Any CPU
		{93775DA7-F617-4485-9ED5-10ACF2A3F6F2}.Debug|Any CPU.Build.0 = Debug|Any CPU
		{93775DA7-F617-4485-9ED5-10ACF2A3F6F2}.Release|Any CPU.ActiveCfg = Release|Any CPU
		{93775DA7-F617-4485-9ED5-10ACF2A3F6F2}.Release|Any CPU.Build.0 = Release|Any CPU
		{A4E756D1-36B8-4621-A631-4CB1DF012E30}.Debug|Any CPU.ActiveCfg = Debug|Any CPU
		{A4E756D1-36B8-4621-A631-4CB1DF012E30}.Debug|Any CPU.Build.0 = Debug|Any CPU
		{A4E756D1-36B8-4621-A631-4CB1DF012E30}.Release|Any CPU.ActiveCfg = Release|Any CPU
		{A4E756D1-36B8-4621-A631-4CB1DF012E30}.Release|Any CPU.Build.0 = Release|Any CPU
		{7E23085F-59C3-47E8-876D-F3F28832EF3F}.Debug|Any CPU.ActiveCfg = Debug|Any CPU
		{7E23085F-59C3-47E8-876D-F3F28832EF3F}.Debug|Any CPU.Build.0 = Debug|Any CPU
		{7E23085F-59C3-47E8-876D-F3F28832EF3F}.Release|Any CPU.ActiveCfg = Release|Any CPU
		{7E23085F-59C3-47E8-876D-F3F28832EF3F}.Release|Any CPU.Build.0 = Release|Any CPU
		{C6116F2D-2DCC-492B-825D-BCD6EF16BE2D}.Debug|Any CPU.ActiveCfg = Debug|Any CPU
		{C6116F2D-2DCC-492B-825D-BCD6EF16BE2D}.Debug|Any CPU.Build.0 = Debug|Any CPU
		{C6116F2D-2DCC-492B-825D-BCD6EF16BE2D}.Release|Any CPU.ActiveCfg = Release|Any CPU
		{C6116F2D-2DCC-492B-825D-BCD6EF16BE2D}.Release|Any CPU.Build.0 = Release|Any CPU
		{019B9316-A58D-4CE5-8269-61B17C1CB03D}.Debug|Any CPU.ActiveCfg = Debug|Any CPU
		{019B9316-A58D-4CE5-8269-61B17C1CB03D}.Debug|Any CPU.Build.0 = Debug|Any CPU
		{019B9316-A58D-4CE5-8269-61B17C1CB03D}.Release|Any CPU.ActiveCfg = Release|Any CPU
		{019B9316-A58D-4CE5-8269-61B17C1CB03D}.Release|Any CPU.Build.0 = Release|Any CPU
		{CE8CE080-F7E9-4184-B00B-B176EAED3C52}.Debug|Any CPU.ActiveCfg = Debug|Any CPU
		{CE8CE080-F7E9-4184-B00B-B176EAED3C52}.Debug|Any CPU.Build.0 = Debug|Any CPU
		{CE8CE080-F7E9-4184-B00B-B176EAED3C52}.Release|Any CPU.ActiveCfg = Release|Any CPU
		{CE8CE080-F7E9-4184-B00B-B176EAED3C52}.Release|Any CPU.Build.0 = Release|Any CPU
	EndGlobalSection
	GlobalSection(SolutionProperties) = preSolution
		HideSolutionNode = FALSE
	EndGlobalSection
	GlobalSection(NestedProjects) = preSolution
		{D6A0B0AD-9288-4473-88B5-8BF6B880AB90} = {7D9B61B0-7EF7-4909-B898-714744CAEFE7}
		{E8F548CA-042C-4B95-9C42-73BB359DD3DB} = {7D9B61B0-7EF7-4909-B898-714744CAEFE7}
		{49523EA6-9367-4BA0-A621-ECBD904FEA4A} = {7D9B61B0-7EF7-4909-B898-714744CAEFE7}
		{FB8E37B2-AA39-4125-A41F-DFAC49D3D8BC} = {7D9B61B0-7EF7-4909-B898-714744CAEFE7}
		{6B0A0715-0A73-419D-984A-975F9E8304EC} = {7D9B61B0-7EF7-4909-B898-714744CAEFE7}
		{2F466F68-A54E-4628-ACF6-38791B7D4B86} = {7D9B61B0-7EF7-4909-B898-714744CAEFE7}
		{EFFD8C4A-5C00-43D3-8D41-0E931C76025D} = {7D9B61B0-7EF7-4909-B898-714744CAEFE7}
		{93775DA7-F617-4485-9ED5-10ACF2A3F6F2} = {7D9B61B0-7EF7-4909-B898-714744CAEFE7}
		{A4E756D1-36B8-4621-A631-4CB1DF012E30} = {7D9B61B0-7EF7-4909-B898-714744CAEFE7}
		{7E23085F-59C3-47E8-876D-F3F28832EF3F} = {7D9B61B0-7EF7-4909-B898-714744CAEFE7}
		{C6116F2D-2DCC-492B-825D-BCD6EF16BE2D} = {7D9B61B0-7EF7-4909-B898-714744CAEFE7}
		{019B9316-A58D-4CE5-8269-61B17C1CB03D} = {7D9B61B0-7EF7-4909-B898-714744CAEFE7}
		{CE8CE080-F7E9-4184-B00B-B176EAED3C52} = {7D9B61B0-7EF7-4909-B898-714744CAEFE7}
	EndGlobalSection
	GlobalSection(ExtensibilityGlobals) = postSolution
		SolutionGuid = {8F5B906E-2CC5-4C86-B001-3D341C214D84}
	EndGlobalSection
EndGlobal
